{
  "version": 4,
  "terraform_version": "1.15.2",
  "serial": 1,
  "lineage": "a42f7391-980a-9898-088f-9e30b9271e71",
  "outputs": {
    "mcp_bucket_name": {
      "value": "project-e7638f0a-2e9b-4a24-b72-mcp-storage",
      "type": "string"
    },
    "mcp_bucket_url": {
      "value": "gs://project-e7638f0a-2e9b-4a24-b72-mcp-storage",
      "type": "string"
    },
    "mcp_service_account_email": {
      "value": null,
      "type": "string"
    }
  },
  "resources": [
    {
      "mode": "managed",
      "type": "google_storage_bucket",
      "name": "mcp_bucket",
      "provider": "provider[\"registry.terraform.io/hashicorp/google\"]",
      "instances": [
        {
          "schema_version": 2,
          "attributes": {
            "autoclass": [],
            "cors": [],
            "custom_placement_config": [],
            "default_event_based_hold": false,
            "effective_labels": {},
            "enable_object_retention": false,
            "encryption": [],
            "force_destroy": false,
            "id": "project-e7638f0a-2e9b-4a24-b72-mcp-storage",
            "labels": {},
            "lifecycle_rule": [],
            "location": "US",
            "logging": [],
            "name": "project-e7638f0a-2e9b-4a24-b72-mcp-storage",
            "project": "project-e7638f0a-2e9b-4a24-b72",
            "project_number": 300640378042,
            "public_access_prevention": "inherited",
            "requester_pays": false,
            "retention_policy": [],
            "rpo": "DEFAULT",
            "self_link": "https://www.googleapis.com/storage/v1/b/project-e7638f0a-2e9b-4a24-b72-mcp-storage",
            "soft_delete_policy": [
              {
                "effective_time": "2026-05-15T22:29:08.028Z",
                "retention_duration_seconds": 604800
              }
            ],
            "storage_class": "STANDARD",
            "terraform_labels": {},
            "timeouts": null,
            "uniform_bucket_level_access": true,
            "url": "gs://project-e7638f0a-2e9b-4a24-b72-mcp-storage",
            "versioning": [],
            "website": []
          },
          "sensitive_attributes": [],
          "identity_schema_version": 0,
          "private": "eyJlMmJmYjczMC1lY2FhLTExZTYtOGY4OC0zNDM2M2JjN2M0YzAiOnsiY3JlYXRlIjo2MDAwMDAwMDAwMDAsInJlYWQiOjI0MDAwMDAwMDAwMCwidXBkYXRlIjoyNDAwMDAwMDAwMDB9LCJzY2hlbWFfdmVyc2lvbiI6IjIifQ=="
        }
      ]
    }
  ],
  "check_results": null
}
